// !$*UTF8*$!
{
	archiveVersion = 1;
	classes = {
	};
	objectVersion = 50;
	objects = {

/* Begin PBXBuildFile section */
		07919083AB4B0996383EC49E /* Pods_InstagramUITests.framework in Frameworks */ = {isa = PBXBuildFile; fileRef = AB8801479C9F58925FD22DEE /* Pods_InstagramUITests.framework */; };
		46550D90E4AE1D97061E2C29 /* Pods_InstagramTests.framework in Frameworks */ = {isa = PBXBuildFile; fileRef = 55AB34615E96BE6D3497F134 /* Pods_InstagramTests.framework */; };
		488ECE9120960C0C00A28E0E /* AppDelegate.swift in Sources */ = {isa = PBXBuildFile; fileRef = 488ECE9020960C0C00A28E0E /* AppDelegate.swift */; };
		488ECE9320960C0C00A28E0E /* ViewController.swift in Sources */ = {isa = PBXBuildFile; fileRef = 488ECE9220960C0C00A28E0E /* ViewController.swift */; };
		488ECE9620960C0C00A28E0E /* Main.storyboard in Resources */ = {isa = PBXBuildFile; fileRef = 488ECE9420960C0C00A28E0E /* Main.storyboard */; };
		488ECE9820960C0D00A28E0E /* Assets.xcassets in Resources */ = {isa = PBXBuildFile; fileRef = 488ECE9720960C0D00A28E0E /* Assets.xcassets */; };
		488ECE9B20960C0D00A28E0E /* LaunchScreen.storyboard in Resources */ = {isa = PBXBuildFile; fileRef = 488ECE9920960C0D00A28E0E /* LaunchScreen.storyboard */; };
		488ECEA620960C0D00A28E0E /* InstagramTests.swift in Sources */ = {isa = PBXBuildFile; fileRef = 488ECEA520960C0D00A28E0E /* InstagramTests.swift */; };
		488ECEB120960C0D00A28E0E /* InstagramUITests.swift in Sources */ = {isa = PBXBuildFile; fileRef = 488ECEB020960C0D00A28E0E /* InstagramUITests.swift */; };
		CF9BCE4E71396794599F277A /* Pods_Instagram.framework in Frameworks */ = {isa = PBXBuildFile; fileRef = BC0E956A4458A776CD0EB3F4 /* Pods_Instagram.framework */; };
/* End PBXBuildFile section */

/* Begin PBXContainerItemProxy section */
		488ECEA220960C0D00A28E0E /* PBXContainerItemProxy */ = {
			isa = PBXContainerItemProxy;
			containerPortal = 488ECE8520960C0C00A28E0E /* Project object */;
			proxyType = 1;
			remoteGlobalIDString = 488ECE8C20960C0C00A28E0E;
			remoteInfo = Instagram;
		};
		488ECEAD20960C0D00A28E0E /* PBXContainerItemProxy */ = {
			isa = PBXContainerItemProxy;
			containerPortal = 488ECE8520960C0C00A28E0E /* Project object */;
			proxyType = 1;
			remoteGlobalIDString = 488ECE8C20960C0C00A28E0E;
			remoteInfo = Instagram;
		};
/* End PBXContainerItemProxy section */

/* Begin PBXFileReference section */
		03993003C4F4E1C91A23C1D6 /* Pods-InstagramTests.debug.xcconfig */ = {isa = PBXFileReference; includeInIndex = 1; lastKnownFileType = text.xcconfig; name = "Pods-InstagramTests.debug.xcconfig"; path = "Pods/Target Support Files/Pods-InstagramTests/Pods-InstagramTests.debug.xcconfig"; sourceTree = "<group>"; };
		37F94F7C1E77D789D73E7532 /* Pods-Instagram.release.xcconfig */ = {isa = PBXFileReference; includeInIndex = 1; lastKnownFileType = text.xcconfig; name = "Pods-Instagram.release.xcconfig"; path = "Pods/Target Support Files/Pods-Instagram/Pods-Instagram.release.xcconfig"; sourceTree = "<group>"; };
		488ECE8D20960C0C00A28E0E /* Instagram.app */ = {isa = PBXFileReference; explicitFileType = wrapper.application; includeInIndex = 0; path = Instagram.app; sourceTree = BUILT_PRODUCTS_DIR; };
		488ECE9020960C0C00A28E0E /* AppDelegate.swift */ = {isa = PBXFileReference; lastKnownFileType = sourcecode.swift; path = AppDelegate.swift; sourceTree = "<group>"; };
		488ECE9220960C0C00A28E0E /* ViewController.swift */ = {isa = PBXFileReference; lastKnownFileType = sourcecode.swift; path = ViewController.swift; sourceTree = "<group>"; };
		488ECE9520960C0C00A28E0E /* Base */ = {isa = PBXFileReference; lastKnownFileType = file.storyboard; name = Base; path = Base.lproj/Main.storyboard; sourceTree = "<group>"; };
		488ECE9720960C0D00A28E0E /* Assets.xcassets */ = {isa = PBXFileReference; lastKnownFileType = folder.assetcatalog; path = Assets.xcassets; sourceTree = "<group>"; };
		488ECE9A20960C0D00A28E0E /* Base */ = {isa = PBXFileReference; lastKnownFileType = file.storyboard; name = Base; path = Base.lproj/LaunchScreen.storyboard; sourceTree = "<group>"; };
		488ECE9C20960C0D00A28E0E /* Info.plist */ = {isa = PBXFileReference; lastKnownFileType = text.plist.xml; path = Info.plist; sourceTree = "<group>"; };
		488ECEA120960C0D00A28E0E /* InstagramTests.xctest */ = {isa = PBXFileReference; explicitFileType = wrapper.cfbundle; includeInIndex = 0; path = InstagramTests.xctest; sourceTree = BUILT_PRODUCTS_DIR; };
		488ECEA520960C0D00A28E0E /* InstagramTests.swift */ = {isa = PBXFileReference; lastKnownFileType = sourcecode.swift; path = InstagramTests.swift; sourceTree = "<group>"; };
		488ECEA720960C0D00A28E0E /* Info.plist */ = {isa = PBXFileReference; lastKnownFileType = text.plist.xml; path = Info.plist; sourceTree = "<group>"; };
		488ECEAC20960C0D00A28E0E /* InstagramUITests.xctest */ = {isa = PBXFileReference; explicitFileType = wrapper.cfbundle; includeInIndex = 0; path = InstagramUITests.xctest; sourceTree = BUILT_PRODUCTS_DIR; };
		488ECEB020960C0D00A28E0E /* InstagramUITests.swift */ = {isa = PBXFileReference; lastKnownFileType = sourcecode.swift; path = InstagramUITests.swift; sourceTree = "<group>"; };
		488ECEB220960C0D00A28E0E /* Info.plist */ = {isa = PBXFileReference; lastKnownFileType = text.plist.xml; path = Info.plist; sourceTree = "<group>"; };
		55AB34615E96BE6D3497F134 /* Pods_InstagramTests.framework */ = {isa = PBXFileReference; explicitFileType = wrapper.framework; includeInIndex = 0; path = Pods_InstagramTests.framework; sourceTree = BUILT_PRODUCTS_DIR; };
		8D34939AD79F84C40BB2768B /* Pods-InstagramUITests.release.xcconfig */ = {isa = PBXFileReference; includeInIndex = 1; lastKnownFileType = text.xcconfig; name = "Pods-InstagramUITests.release.xcconfig"; path = "Pods/Target Support Files/Pods-InstagramUITests/Pods-InstagramUITests.release.xcconfig"; sourceTree = "<group>"; };
		AB8801479C9F58925FD22DEE /* Pods_InstagramUITests.framework */ = {isa = PBXFileReference; explicitFileType = wrapper.framework; includeInIndex = 0; path = Pods_InstagramUITests.framework; sourceTree = BUILT_PRODUCTS_DIR; };
		BC0E956A4458A776CD0EB3F4 /* Pods_Instagram.framework */ = {isa = PBXFileReference; explicitFileType = wrapper.framework; includeInIndex = 0; path = Pods_Instagram.framework; sourceTree = BUILT_PRODUCTS_DIR; };
		BF25A234B0C06E9FB3AB286C /* Pods-InstagramUITests.debug.xcconfig */ = {isa = PBXFileReference; includeInIndex = 1; lastKnownFileType = text.xcconfig; name = "Pods-InstagramUITests.debug.xcconfig"; path = "Pods/Target Support Files/Pods-InstagramUITests/Pods-InstagramUITests.debug.xcconfig"; sourceTree = "<group>"; };
		C1D5559F2A56D084721B1EBE /* Pods-InstagramTests.release.xcconfig */ = {isa = PBXFileReference; includeInIndex = 1; lastKnownFileType = text.xcconfig; name = "Pods-InstagramTests.release.xcconfig"; path = "Pods/Target Support Files/Pods-InstagramTests/Pods-InstagramTests.release.xcconfig"; sourceTree = "<group>"; };
		FB96719EEBA4B98D9B09AEB5 /* Pods-Instagram.debug.xcconfig */ = {isa = PBXFileReference; includeInIndex = 1; lastKnownFileType = text.xcconfig; name = "Pods-Instagram.debug.xcconfig"; path = "Pods/Target Support Files/Pods-Instagram/Pods-Instagram.debug.xcconfig"; sourceTree = "<group>"; };
/* End PBXFileReference section */

/* Begin PBXFrameworksBuildPhase section */
		488ECE8A20960C0C00A28E0E /* Frameworks */ = {
			isa = PBXFrameworksBuildPhase;
			buildActionMask = 2147483647;
			files = (
				CF9BCE4E71396794599F277A /* Pods_Instagram.framework in Frameworks */,
			);
			runOnlyForDeploymentPostprocessing = 0;
		};
		488ECE9E20960C0D00A28E0E /* Frameworks */ = {
			isa = PBXFrameworksBuildPhase;
			buildActionMask = 2147483647;
			files = (
				46550D90E4AE1D97061E2C29 /* Pods_InstagramTests.framework in Frameworks */,
			);
			runOnlyForDeploymentPostprocessing = 0;
		};
		488ECEA920960C0D00A28E0E /* Frameworks */ = {
			isa = PBXFrameworksBuildPhase;
			buildActionMask = 2147483647;
			files = (
				07919083AB4B0996383EC49E /* Pods_InstagramUITests.framework in Frameworks */,
			);
			runOnlyForDeploymentPostprocessing = 0;
		};
/* End PBXFrameworksBuildPhase section */

/* Begin PBXGroup section */
		0E13B39C0C0C639C5F723876 /* Frameworks */ = {
			isa = PBXGroup;
			children = (
				BC0E956A4458A776CD0EB3F4 /* Pods_Instagram.framework */,
				55AB34615E96BE6D3497F134 /* Pods_InstagramTests.framework */,
				AB8801479C9F58925FD22DEE /* Pods_InstagramUITests.framework */,
			);
			name = Frameworks;
			sourceTree = "<group>";
		};
		488ECE8420960C0C00A28E0E = {
			isa = PBXGroup;
			children = (
				488ECE8F20960C0C00A28E0E /* Instagram */,
				488ECEA420960C0D00A28E0E /* InstagramTests */,
				488ECEAF20960C0D00A28E0E /* InstagramUITests */,
				488ECE8E20960C0C00A28E0E /* Products */,
				CF94B6287AC9E2BB1473D524 /* Pods */,
				0E13B39C0C0C639C5F723876 /* Frameworks */,
			);
			sourceTree = "<group>";
		};
		488ECE8E20960C0C00A28E0E /* Products */ = {
			isa = PBXGroup;
			children = (
				488ECE8D20960C0C00A28E0E /* Instagram.app */,
				488ECEA120960C0D00A28E0E /* InstagramTests.xctest */,
				488ECEAC20960C0D00A28E0E /* InstagramUITests.xctest */,
			);
			name = Products;
			sourceTree = "<group>";
		};
		488ECE8F20960C0C00A28E0E /* Instagram */ = {
			isa = PBXGroup;
			children = (
				488ECE9020960C0C00A28E0E /* AppDelegate.swift */,
				488ECE9220960C0C00A28E0E /* ViewController.swift */,
				488ECE9420960C0C00A28E0E /* Main.storyboard */,
				488ECE9720960C0D00A28E0E /* Assets.xcassets */,
				488ECE9920960C0D00A28E0E /* LaunchScreen.storyboard */,
				488ECE9C20960C0D00A28E0E /* Info.plist */,
			);
			path = Instagram;
			sourceTree = "<group>";
		};
		488ECEA420960C0D00A28E0E /* InstagramTests */ = {
			isa = PBXGroup;
			children = (
				488ECEA520960C0D00A28E0E /* InstagramTests.swift */,
				488ECEA720960C0D00A28E0E /* Info.plist */,
			);
			path = InstagramTests;
			sourceTree = "<group>";
		};
		488ECEAF20960C0D00A28E0E /* InstagramUITests */ = {
			isa = PBXGroup;
			children = (
				488ECEB020960C0D00A28E0E /* InstagramUITests.swift */,
				488ECEB220960C0D00A28E0E /* Info.plist */,
			);
			path = InstagramUITests;
			sourceTree = "<group>";
		};
		CF94B6287AC9E2BB1473D524 /* Pods */ = {
			isa = PBXGroup;
			children = (
				FB96719EEBA4B98D9B09AEB5 /* Pods-Instagram.debug.xcconfig */,
				37F94F7C1E77D789D73E7532 /* Pods-Instagram.release.xcconfig */,
				03993003C4F4E1C91A23C1D6 /* Pods-InstagramTests.debug.xcconfig */,
				C1D5559F2A56D084721B1EBE /* Pods-InstagramTests.release.xcconfig */,
				BF25A234B0C06E9FB3AB286C /* Pods-InstagramUITests.debug.xcconfig */,
				8D34939AD79F84C40BB2768B /* Pods-InstagramUITests.release.xcconfig */,
			);
			name = Pods;
			sourceTree = "<group>";
		};
/* End PBXGroup section */

/* Begin PBXNativeTarget section */
		488ECE8C20960C0C00A28E0E /* Instagram */ = {
			isa = PBXNativeTarget;
			buildConfigurationList = 488ECEB520960C0D00A28E0E /* Build configuration list for PBXNativeTarget "Instagram" */;
			buildPhases = (
				98F86C2A3DB71469C918CAEA /* [CP] Check Pods Manifest.lock */,
				488ECE8920960C0C00A28E0E /* Sources */,
				488ECE8A20960C0C00A28E0E /* Frameworks */,
				488ECE8B20960C0C00A28E0E /* Resources */,
				3E243271C3B8CBF9E6C255D5 /* [CP] Embed Pods Frameworks */,
				603A4BC7351883CFB8ED44C8 /* [CP] Copy Pods Resources */,
			);
			buildRules = (
			);
			dependencies = (
			);
			name = Instagram;
			productName = Instagram;
			productReference = 488ECE8D20960C0C00A28E0E /* Instagram.app */;
			productType = "com.apple.product-type.application";
		};
		488ECEA020960C0D00A28E0E /* InstagramTests */ = {
			isa = PBXNativeTarget;
			buildConfigurationList = 488ECEB820960C0D00A28E0E /* Build configuration list for PBXNativeTarget "InstagramTests" */;
			buildPhases = (
				382587007874DCC65127E63B /* [CP] Check Pods Manifest.lock */,
				488ECE9D20960C0D00A28E0E /* Sources */,
				488ECE9E20960C0D00A28E0E /* Frameworks */,
				488ECE9F20960C0D00A28E0E /* Resources */,
				B77C78E7504B718C203AF7C6 /* [CP] Embed Pods Frameworks */,
				DCE84C6E975739EEF17F1D69 /* [CP] Copy Pods Resources */,
			);
			buildRules = (
			);
			dependencies = (
				488ECEA320960C0D00A28E0E /* PBXTargetDependency */,
			);
			name = InstagramTests;
			productName = InstagramTests;
			productReference = 488ECEA120960C0D00A28E0E /* InstagramTests.xctest */;
			productType = "com.apple.product-type.bundle.unit-test";
		};
		488ECEAB20960C0D00A28E0E /* InstagramUITests */ = {
			isa = PBXNativeTarget;
			buildConfigurationList = 488ECEBB20960C0D00A28E0E /* Build configuration list for PBXNativeTarget "InstagramUITests" */;
			buildPhases = (
				07DCF18870A6D4EED2C8D874 /* [CP] Check Pods Manifest.lock */,
				488ECEA820960C0D00A28E0E /* Sources */,
				488ECEA920960C0D00A28E0E /* Frameworks */,
				488ECEAA20960C0D00A28E0E /* Resources */,
				A2F3B68C5B78B63F7D1B6AE1 /* [CP] Embed Pods Frameworks */,
				FF79499C25A43E7BD2AAE995 /* [CP] Copy Pods Resources */,
			);
			buildRules = (
			);
			dependencies = (
				488ECEAE20960C0D00A28E0E /* PBXTargetDependency */,
			);
			name = InstagramUITests;
			productName = InstagramUITests;
			productReference = 488ECEAC20960C0D00A28E0E /* InstagramUITests.xctest */;
			productType = "com.apple.product-type.bundle.ui-testing";
		};
/* End PBXNativeTarget section */

/* Begin PBXProject section */
		488ECE8520960C0C00A28E0E /* Project object */ = {
			isa = PBXProject;
			attributes = {
				LastSwiftUpdateCheck = 0930;
				LastUpgradeCheck = 0930;
				ORGANIZATIONNAME = fanky;
				TargetAttributes = {
					488ECE8C20960C0C00A28E0E = {
						CreatedOnToolsVersion = 9.3;
					};
					488ECEA020960C0D00A28E0E = {
						CreatedOnToolsVersion = 9.3;
						TestTargetID = 488ECE8C20960C0C00A28E0E;
					};
					488ECEAB20960C0D00A28E0E = {
						CreatedOnToolsVersion = 9.3;
						TestTargetID = 488ECE8C20960C0C00A28E0E;
					};
				};
			};
			buildConfigurationList = 488ECE8820960C0C00A28E0E /* Build configuration list for PBXProject "Instagram" */;
			compatibilityVersion = "Xcode 9.3";
			developmentRegion = en;
			hasScannedForEncodings = 0;
			knownRegions = (
				en,
				Base,
			);
			mainGroup = 488ECE8420960C0C00A28E0E;
			productRefGroup = 488ECE8E20960C0C00A28E0E /* Products */;
			projectDirPath = "";
			projectRoot = "";
			targets = (
				488ECE8C20960C0C00A28E0E /* Instagram */,
				488ECEA020960C0D00A28E0E /* InstagramTests */,
				488ECEAB20960C0D00A28E0E /* InstagramUITests */,
			);
		};
/* End PBXProject section */

/* Begin PBXResourcesBuildPhase section */
		488ECE8B20960C0C00A28E0E /* Resources */ = {
			isa = PBXResourcesBuildPhase;
			buildActionMask = 2147483647;
			files = (
				488ECE9B20960C0D00A28E0E /* LaunchScreen.storyboard in Resources */,
				488ECE9820960C0D00A28E0E /* Assets.xcassets in Resources */,
				488ECE9620960C0C00A28E0E /* Main.storyboard in Resources */,
			);
			runOnlyForDeploymentPostprocessing = 0;
		};
		488ECE9F20960C0D00A28E0E /* Resources */ = {
			isa = PBXResourcesBuildPhase;
			buildActionMask = 2147483647;
			files = (
			);
			runOnlyForDeploymentPostprocessing = 0;
		};
		488ECEAA20960C0D00A28E0E /* Resources */ = {
			isa = PBXResourcesBuildPhase;
			buildActionMask = 2147483647;
			files = (
			);
			runOnlyForDeploymentPostprocessing = 0;
		};
/* End PBXResourcesBuildPhase section */

/* Begin PBXShellScriptBuildPhase section */
		07DCF18870A6D4EED2C8D874 /* [CP] Check Pods Manifest.lock */ = {
			isa = PBXShellScriptBuildPhase;
			buildActionMask = 2147483647;
			files = (
			);
			inputPaths = (
				"${PODS_PODFILE_DIR_PATH}/Podfile.lock",
				"${PODS_ROOT}/Manifest.lock",
			);
			name = "[CP] Check Pods Manifest.lock";
			outputPaths = (
				"$(DERIVED_FILE_DIR)/Pods-InstagramUITests-checkManifestLockResult.txt",
			);
			runOnlyForDeploymentPostprocessing = 0;
			shellPath = /bin/sh;
			shellScript = "diff \"${PODS_PODFILE_DIR_PATH}/Podfile.lock\" \"${PODS_ROOT}/Manifest.lock\" > /dev/null\nif [ $? != 0 ] ; then\n    # print error to STDERR\n    echo \"error: The sandbox is not in sync with the Podfile.lock. Run 'pod install' or update your CocoaPods installation.\" >&2\n    exit 1\nfi\n# This output is used by Xcode 'outputs' to avoid re-running this script phase.\necho \"SUCCESS\" > \"${SCRIPT_OUTPUT_FILE_0}\"\n";
			showEnvVarsInLog = 0;
		};
		382587007874DCC65127E63B /* [CP] Check Pods Manifest.lock */ = {
			isa = PBXShellScriptBuildPhase;
			buildActionMask = 2147483647;
			files = (
			);
			inputPaths = (
				"${PODS_PODFILE_DIR_PATH}/Podfile.lock",
				"${PODS_ROOT}/Manifest.lock",
			);
			name = "[CP] Check Pods Manifest.lock";
			outputPaths = (
				"$(DERIVED_FILE_DIR)/Pods-InstagramTests-checkManifestLockResult.txt",
			);
			runOnlyForDeploymentPostprocessing = 0;
			shellPath = /bin/sh;
			shellScript = "diff \"${PODS_PODFILE_DIR_PATH}/Podfile.lock\" \"${PODS_ROOT}/Manifest.lock\" > /dev/null\nif [ $? != 0 ] ; then\n    # print error to STDERR\n    echo \"error: The sandbox is not in sync with the Podfile.lock. Run 'pod install' or update your CocoaPods installation.\" >&2\n    exit 1\nfi\n# This output is used by Xcode 'outputs' to avoid re-running this script phase.\necho \"SUCCESS\" > \"${SCRIPT_OUTPUT_FILE_0}\"\n";
			showEnvVarsInLog = 0;
		};
		3E243271C3B8CBF9E6C255D5 /* [CP] Embed Pods Frameworks */ = {
			isa = PBXShellScriptBuildPhase;
			buildActionMask = 2147483647;
			files = (
			);
			inputPaths = (
				"${SRCROOT}/Pods/Target Support Files/Pods-Instagram/Pods-Instagram-frameworks.sh",
				"${BUILT_PRODUCTS_DIR}/IQKeyboardManagerSwift/IQKeyboardManagerSwift.framework",
			);
			name = "[CP] Embed Pods Frameworks";
			outputPaths = (
				"${TARGET_BUILD_DIR}/${FRAMEWORKS_FOLDER_PATH}/IQKeyboardManagerSwift.framework",
			);
			runOnlyForDeploymentPostprocessing = 0;
			shellPath = /bin/sh;
			shellScript = "\"${SRCROOT}/Pods/Target Support Files/Pods-Instagram/Pods-Instagram-frameworks.sh\"\n";
			showEnvVarsInLog = 0;
		};
		603A4BC7351883CFB8ED44C8 /* [CP] Copy Pods Resources */ = {
			isa = PBXShellScriptBuildPhase;
			buildActionMask = 2147483647;
			files = (
			);
			inputPaths = (
			);
			name = "[CP] Copy Pods Resources";
			outputPaths = (
			);
			runOnlyForDeploymentPostprocessing = 0;
			shellPath = /bin/sh;
			shellScript = "\"${SRCROOT}/Pods/Target Support Files/Pods-Instagram/Pods-Instagram-resources.sh\"\n";
			showEnvVarsInLog = 0;
		};
		98F86C2A3DB71469C918CAEA /* [CP] Check Pods Manifest.lock */ = {
			isa = PBXShellScriptBuildPhase;
			buildActionMask = 2147483647;
			files = (
			);
			inputPaths = (
				"${PODS_PODFILE_DIR_PATH}/Podfile.lock",
				"${PODS_ROOT}/Manifest.lock",
			);
			name = "[CP] Check Pods Manifest.lock";
			outputPaths = (
				"$(DERIVED_FILE_DIR)/Pods-Instagram-checkManifestLockResult.txt",
			);
			runOnlyForDeploymentPostprocessing = 0;
			shellPath = /bin/sh;
			shellScript = "diff \"${PODS_PODFILE_DIR_PATH}/Podfile.lock\" \"${PODS_ROOT}/Manifest.lock\" > /dev/null\nif [ $? != 0 ] ; then\n    # print error to STDERR\n    echo \"error: The sandbox is not in sync with the Podfile.lock. Run 'pod install' or update your CocoaPods installation.\" >&2\n    exit 1\nfi\n# This output is used by Xcode 'outputs' to avoid re-running this script phase.\necho \"SUCCESS\" > \"${SCRIPT_OUTPUT_FILE_0}\"\n";
			showEnvVarsInLog = 0;
		};
		A2F3B68C5B78B63F7D1B6AE1 /* [CP] Embed Pods Frameworks */ = {
			isa = PBXShellScriptBuildPhase;
			buildActionMask = 2147483647;
			files = (
			);
			inputPaths = (
			);
			name = "[CP] Embed Pods Frameworks";
			outputPaths = (
			);
			runOnlyForDeploymentPostprocessing = 0;
			shellPath = /bin/sh;
			shellScript = "\"${SRCROOT}/Pods/Target Support Files/Pods-InstagramUITests/Pods-InstagramUITests-frameworks.sh\"\n";
			showEnvVarsInLog = 0;
		};
		B77C78E7504B718C203AF7C6 /* [CP] Embed Pods Frameworks */ = {
			isa = PBXShellScriptBuildPhase;
			buildActionMask = 2147483647;
			files = (
			);
			inputPaths = (
			);
			name = "[CP] Embed Pods Frameworks";
			outputPaths = (
			);
			runOnlyForDeploymentPostprocessing = 0;
			shellPath = /bin/sh;
			shellScript = "\"${SRCROOT}/Pods/Target Support Files/Pods-InstagramTests/Pods-InstagramTests-frameworks.sh\"\n";
			showEnvVarsInLog = 0;
		};
		DCE84C6E975739EEF17F1D69 /* [CP] Copy Pods Resources */ = {
			isa = PBXShellScriptBuildPhase;
			buildActionMask = 2147483647;
			files = (
			);
			inputPaths = (
			);
			name = "[CP] Copy Pods Resources";
			outputPaths = (
			);
			runOnlyForDeploymentPostprocessing = 0;
			shellPath = /bin/sh;
			shellScript = "\"${SRCROOT}/Pods/Target Support Files/Pods-InstagramTests/Pods-InstagramTests-resources.sh\"\n";
			showEnvVarsInLog = 0;
		};
		FF79499C25A43E7BD2AAE995 /* [CP] Copy Pods Resources */ = {
			isa = PBXShellScriptBuildPhase;
			buildActionMask = 2147483647;
			files = (
			);
			inputPaths = (
			);
			name = "[CP] Copy Pods Resources";
			outputPaths = (
			);
			runOnlyForDeploymentPostprocessing = 0;
			shellPath = /bin/sh;
			shellScript = "\"${SRCROOT}/Pods/Target Support Files/Pods-InstagramUITests/Pods-InstagramUITests-resources.sh\"\n";
			showEnvVarsInLog = 0;
		};
/* End PBXShellScriptBuildPhase section */

/* Begin PBXSourcesBuildPhase section */
		488ECE8920960C0C00A28E0E /* Sources */ = {
			isa = PBXSourcesBuildPhase;
			buildActionMask = 2147483647;
			files = (
				488ECE9320960C0C00A28E0E /* ViewController.swift in Sources */,
				488ECE9120960C0C00A28E0E /* AppDelegate.swift in Sources */,
			);
			runOnlyForDeploymentPostprocessing = 0;
		};
		488ECE9D20960C0D00A28E0E /* Sources */ = {
			isa = PBXSourcesBuildPhase;
			buildActionMask = 2147483647;
			files = (
				488ECEA620960C0D00A28E0E /* InstagramTests.swift in Sources */,
			);
			runOnlyForDeploymentPostprocessing = 0;
		};
		488ECEA820960C0D00A28E0E /* Sources */ = {
			isa = PBXSourcesBuildPhase;
			buildActionMask = 2147483647;
			files = (
				488ECEB120960C0D00A28E0E /* InstagramUITests.swift in Sources */,
			);
			runOnlyForDeploymentPostprocessing = 0;
		};
/* End PBXSourcesBuildPhase section */

/* Begin PBXTargetDependency section */
		488ECEA320960C0D00A28E0E /* PBXTargetDependency */ = {
			isa = PBXTargetDependency;
			target = 488ECE8C20960C0C00A28E0E /* Instagram */;
			targetProxy = 488ECEA220960C0D00A28E0E /* PBXContainerItemProxy */;
		};
		488ECEAE20960C0D00A28E0E /* PBXTargetDependency */ = {
			isa = PBXTargetDependency;
			target = 488ECE8C20960C0C00A28E0E /* Instagram */;
			targetProxy = 488ECEAD20960C0D00A28E0E /* PBXContainerItemProxy */;
		};
/* End PBXTargetDependency section */

/* Begin PBXVariantGroup section */
		488ECE9420960C0C00A28E0E /* Main.storyboard */ = {
			isa = PBXVariantGroup;
			children = (
				488ECE9520960C0C00A28E0E /* Base */,
			);
			name = Main.storyboard;
			sourceTree = "<group>";
		};
		488ECE9920960C0D00A28E0E /* LaunchScreen.storyboard */ = {
			isa = PBXVariantGroup;
			children = (
				488ECE9A20960C0D00A28E0E /* Base */,
			);
			name = LaunchScreen.storyboard;
			sourceTree = "<group>";
		};
/* End PBXVariantGroup section */

/* Begin XCBuildConfiguration section */
		488ECEB320960C0D00A28E0E /* Debug */ = {
			isa = XCBuildConfiguration;
			buildSettings = {
				ALWAYS_SEARCH_USER_PATHS = NO;
				CLANG_ANALYZER_NONNULL = YES;
				CLANG_ANALYZER_NUMBER_OBJECT_CONVERSION = YES_AGGRESSIVE;
				CLANG_CXX_LANGUAGE_STANDARD = "gnu++14";
				CLANG_CXX_LIBRARY = "libc++";
				CLANG_ENABLE_MODULES = YES;
				CLANG_ENABLE_OBJC_ARC = YES;
				CLANG_ENABLE_OBJC_WEAK = YES;
				CLANG_WARN_BLOCK_CAPTURE_AUTORELEASING = YES;
				CLANG_WARN_BOOL_CONVERSION = YES;
				CLANG_WARN_COMMA = YES;
				CLANG_WARN_CONSTANT_CONVERSION = YES;
				CLANG_WARN_DEPRECATED_OBJC_IMPLEMENTATIONS = YES;
				CLANG_WARN_DIRECT_OBJC_ISA_USAGE = YES_ERROR;
				CLANG_WARN_DOCUMENTATION_COMMENTS = YES;
				CLANG_WARN_EMPTY_BODY = YES;
				CLANG_WARN_ENUM_CONVERSION = YES;
				CLANG_WARN_INFINITE_RECURSION = YES;
				CLANG_WARN_INT_CONVERSION = YES;
				CLANG_WARN_NON_LITERAL_NULL_CONVERSION = YES;
				CLANG_WARN_OBJC_IMPLICIT_RETAIN_SELF = YES;
				CLANG_WARN_OBJC_LITERAL_CONVERSION = YES;
				CLANG_WARN_OBJC_ROOT_CLASS = YES_ERROR;
				CLANG_WARN_RANGE_LOOP_ANALYSIS = YES;
				CLANG_WARN_STRICT_PROTOTYPES = YES;
				CLANG_WARN_SUSPICIOUS_MOVE = YES;
				CLANG_WARN_UNGUARDED_AVAILABILITY = YES_AGGRESSIVE;
				CLANG_WARN_UNREACHABLE_CODE = YES;
				CLANG_WARN__DUPLICATE_METHOD_MATCH = YES;
				CODE_SIGN_IDENTITY = "iPhone Developer";
				COPY_PHASE_STRIP = NO;
				DEBUG_INFORMATION_FORMAT = dwarf;
				ENABLE_STRICT_OBJC_MSGSEND = YES;
				ENABLE_TESTABILITY = YES;
				GCC_C_LANGUAGE_STANDARD = gnu11;
				GCC_DYNAMIC_NO_PIC = NO;
				GCC_NO_COMMON_BLOCKS = YES;
				GCC_OPTIMIZATION_LEVEL = 0;
				GCC_PREPROCESSOR_DEFINITIONS = (
					"DEBUG=1",
					"$(inherited)",
				);
				GCC_WARN_64_TO_32_BIT_CONVERSION = YES;
				GCC_WARN_ABOUT_RETURN_TYPE = YES_ERROR;
				GCC_WARN_UNDECLARED_SELECTOR = YES;
				GCC_WARN_UNINITIALIZED_AUTOS = YES_AGGRESSIVE;
				GCC_WARN_UNUSED_FUNCTION = YES;
				GCC_WARN_UNUSED_VARIABLE = YES;
				IPHONEOS_DEPLOYMENT_TARGET = 11.3;
				MTL_ENABLE_DEBUG_INFO = YES;
				ONLY_ACTIVE_ARCH = YES;
				SDKROOT = iphoneos;
				SWIFT_ACTIVE_COMPILATION_CONDITIONS = DEBUG;
				SWIFT_OPTIMIZATION_LEVEL = "-Onone";
			};
			name = Debug;
		};
		488ECEB420960C0D00A28E0E /* Release */ = {
			isa = XCBuildConfiguration;
			buildSettings = {
				ALWAYS_SEARCH_USER_PATHS = NO;
				CLANG_ANALYZER_NONNULL = YES;
				CLANG_ANALYZER_NUMBER_OBJECT_CONVERSION = YES_AGGRESSIVE;
				CLANG_CXX_LANGUAGE_STANDARD = "gnu++14";
				CLANG_CXX_LIBRARY = "libc++";
				CLANG_ENABLE_MODULES = YES;
				CLANG_ENABLE_OBJC_ARC = YES;
				CLANG_ENABLE_OBJC_WEAK = YES;
				CLANG_WARN_BLOCK_CAPTURE_AUTORELEASING = YES;
				CLANG_WARN_BOOL_CONVERSION = YES;
				CLANG_WARN_COMMA = YES;
				CLANG_WARN_CONSTANT_CONVERSION = YES;
				CLANG_WARN_DEPRECATED_OBJC_IMPLEMENTATIONS = YES;
				CLANG_WARN_DIRECT_OBJC_ISA_USAGE = YES_ERROR;
				CLANG_WARN_DOCUMENTATION_COMMENTS = YES;
				CLANG_WARN_EMPTY_BODY = YES;
				CLANG_WARN_ENUM_CONVERSION = YES;
				CLANG_WARN_INFINITE_RECURSION = YES;
				CLANG_WARN_INT_CONVERSION = YES;
				CLANG_WARN_NON_LITERAL_NULL_CONVERSION = YES;
				CLANG_WARN_OBJC_IMPLICIT_RETAIN_SELF = YES;
				CLANG_WARN_OBJC_LITERAL_CONVERSION = YES;
				CLANG_WARN_OBJC_ROOT_CLASS = YES_ERROR;
				CLANG_WARN_RANGE_LOOP_ANALYSIS = YES;
				CLANG_WARN_STRICT_PROTOTYPES = YES;
				CLANG_WARN_SUSPICIOUS_MOVE = YES;
				CLANG_WARN_UNGUARDED_AVAILABILITY = YES_AGGRESSIVE;
				CLANG_WARN_UNREACHABLE_CODE = YES;
				CLANG_WARN__DUPLICATE_METHOD_MATCH = YES;
				CODE_SIGN_IDENTITY = "iPhone Developer";
				COPY_PHASE_STRIP = NO;
				DEBUG_INFORMATION_FORMAT = "dwarf-with-dsym";
				ENABLE_NS_ASSERTIONS = NO;
				ENABLE_STRICT_OBJC_MSGSEND = YES;
				GCC_C_LANGUAGE_STANDARD = gnu11;
				GCC_NO_COMMON_BLOCKS = YES;
				GCC_WARN_64_TO_32_BIT_CONVERSION = YES;
				GCC_WARN_ABOUT_RETURN_TYPE = YES_ERROR;
				GCC_WARN_UNDECLARED_SELECTOR = YES;
				GCC_WARN_UNINITIALIZED_AUTOS = YES_AGGRESSIVE;
				GCC_WARN_UNUSED_FUNCTION = YES;
				GCC_WARN_UNUSED_VARIABLE = YES;
				IPHONEOS_DEPLOYMENT_TARGET = 11.3;
				MTL_ENABLE_DEBUG_INFO = NO;
				SDKROOT = iphoneos;
				SWIFT_COMPILATION_MODE = wholemodule;
				SWIFT_OPTIMIZATION_LEVEL = "-O";
				VALIDATE_PRODUCT = YES;
			};
			name = Release;
		};
		488ECEB620960C0D00A28E0E /* Debug */ = {
			isa = XCBuildConfiguration;
			baseConfigurationReference = FB96719EEBA4B98D9B09AEB5 /* Pods-Instagram.debug.xcconfig */;
			buildSettings = {
				ASSETCATALOG_COMPILER_APPICON_NAME = AppIcon;
				CODE_SIGN_STYLE = Automatic;
				DEVELOPMENT_TEAM = 97GHEGCZ3N;
				INFOPLIST_FILE = Instagram/Info.plist;
				LD_RUNPATH_SEARCH_PATHS = "$(inherited) @executable_path/Frameworks";
				PRODUCT_BUNDLE_IDENTIFIER = fa.Instagram;
				PRODUCT_NAME = "$(TARGET_NAME)";
				SWIFT_VERSION = 4.0;
				TARGETED_DEVICE_FAMILY = "1,2";
			};
			name = Debug;
		};
		488ECEB720960C0D00A28E0E /* Release */ = {
			isa = XCBuildConfiguration;
			baseConfigurationReference = 37F94F7C1E77D789D73E7532 /* Pods-Instagram.release.xcconfig */;
			buildSettings = {
				ASSETCATALOG_COMPILER_APPICON_NAME = AppIcon;
				CODE_SIGN_STYLE = Automatic;
				DEVELOPMENT_TEAM = 97GHEGCZ3N;
				INFOPLIST_FILE = Instagram/Info.plist;
				LD_RUNPATH_SEARCH_PATHS = "$(inherited) @executable_path/Frameworks";
				PRODUCT_BUNDLE_IDENTIFIER = fa.Instagram;
				PRODUCT_NAME = "$(TARGET_NAME)";
				SWIFT_VERSION = 4.0;
				TARGETED_DEVICE_FAMILY = "1,2";
			};
			name = Release;
		};
		488ECEB920960C0D00A28E0E /* Debug */ = {
			isa = XCBuildConfiguration;
			baseConfigurationReference = 03993003C4F4E1C91A23C1D6 /* Pods-InstagramTests.debug.xcconfig */;
			buildSettings = {
				ALWAYS_EMBED_SWIFT_STANDARD_LIBRARIES = YES;
				BUNDLE_LOADER = "$(TEST_HOST)";
				CODE_SIGN_STYLE = Automatic;
				DEVELOPMENT_TEAM = 97GHEGCZ3N;
				INFOPLIST_FILE = InstagramTests/Info.plist;
				LD_RUNPATH_SEARCH_PATHS = "$(inherited) @executable_path/Frameworks @loader_path/Frameworks";
				PRODUCT_BUNDLE_IDENTIFIER = fa.InstagramTests;
				PRODUCT_NAME = "$(TARGET_NAME)";
				SWIFT_VERSION = 4.0;
				TARGETED_DEVICE_FAMILY = "1,2";
				TEST_HOST = "$(BUILT_PRODUCTS_DIR)/Instagram.app/Instagram";
			};
			name = Debug;
		};
		488ECEBA20960C0D00A28E0E /* Release */ = {
			isa = XCBuildConfiguration;
			baseConfigurationReference = C1D5559F2A56D084721B1EBE /* Pods-InstagramTests.release.xcconfig */;
			buildSettings = {
				ALWAYS_EMBED_SWIFT_STANDARD_LIBRARIES = YES;
				BUNDLE_LOADER = "$(TEST_HOST)";
				CODE_SIGN_STYLE = Automatic;
				DEVELOPMENT_TEAM = 97GHEGCZ3N;
				INFOPLIST_FILE = InstagramTests/Info.plist;
				LD_RUNPATH_SEARCH_PATHS = "$(inherited) @executable_path/Frameworks @loader_path/Frameworks";
				PRODUCT_BUNDLE_IDENTIFIER = fa.InstagramTests;
				PRODUCT_NAME = "$(TARGET_NAME)";
				SWIFT_VERSION = 4.0;
				TARGETED_DEVICE_FAMILY = "1,2";
				TEST_HOST = "$(BUILT_PRODUCTS_DIR)/Instagram.app/Instagram";
			};
			name = Release;
		};
		488ECEBC20960C0D00A28E0E /* Debug */ = {
			isa = XCBuildConfiguration;
			baseConfigurationReference = BF25A234B0C06E9FB3AB286C /* Pods-InstagramUITests.debug.xcconfig */;
			buildSettings = {
				ALWAYS_EMBED_SWIFT_STANDARD_LIBRARIES = YES;
				CODE_SIGN_STYLE = Automatic;
				DEVELOPMENT_TEAM = 97GHEGCZ3N;
				INFOPLIST_FILE = InstagramUITests/Info.plist;
				LD_RUNPATH_SEARCH_PATHS = "$(inherited) @executable_path/Frameworks @loader_path/Frameworks";
				PRODUCT_BUNDLE_IDENTIFIER = fa.InstagramUITests;
				PRODUCT_NAME = "$(TARGET_NAME)";
				SWIFT_VERSION = 4.0;
				TARGETED_DEVICE_FAMILY = "1,2";
				TEST_TARGET_NAME = Instagram;
			};
			name = Debug;
		};
		488ECEBD20960C0D00A28E0E /* Release */ = {
			isa = XCBuildConfiguration;
			baseConfigurationReference = 8D34939AD79F84C40BB2768B /* Pods-InstagramUITests.release.xcconfig */;
			buildSettings = {
				ALWAYS_EMBED_SWIFT_STANDARD_LIBRARIES = YES;
				CODE_SIGN_STYLE = Automatic;
				DEVELOPMENT_TEAM = 97GHEGCZ3N;
				INFOPLIST_FILE = InstagramUITests/Info.plist;
				LD_RUNPATH_SEARCH_PATHS = "$(inherited) @executable_path/Frameworks @loader_path/Frameworks";
				PRODUCT_BUNDLE_IDENTIFIER = fa.InstagramUITests;
				PRODUCT_NAME = "$(TARGET_NAME)";
				SWIFT_VERSION = 4.0;
				TARGETED_DEVICE_FAMILY = "1,2";
				TEST_TARGET_NAME = Instagram;
			};
			name = Release;
		};
/* End XCBuildConfiguration section */

/* Begin XCConfigurationList section */
		488ECE8820960C0C00A28E0E /* Build configuration list for PBXProject "Instagram" */ = {
			isa = XCConfigurationList;
			buildConfigurations = (
				488ECEB320960C0D00A28E0E /* Debug */,
				488ECEB420960C0D00A28E0E /* Release */,
			);
			defaultConfigurationIsVisible = 0;
			defaultConfigurationName = Release;
		};
		488ECEB520960C0D00A28E0E /* Build configuration list for PBXNativeTarget "Instagram" */ = {
			isa = XCConfigurationList;
			buildConfigurations = (
				488ECEB620960C0D00A28E0E /* Debug */,
				488ECEB720960C0D00A28E0E /* Release */,
			);
			defaultConfigurationIsVisible = 0;
			defaultConfigurationName = Release;
		};
		488ECEB820960C0D00A28E0E /* Build configuration list for PBXNativeTarget "InstagramTests" */ = {
			isa = XCConfigurationList;
			buildConfigurations = (
				488ECEB920960C0D00A28E0E /* Debug */,
				488ECEBA20960C0D00A28E0E /* Release */,
			);
			defaultConfigurationIsVisible = 0;
			defaultConfigurationName = Release;
		};
		488ECEBB20960C0D00A28E0E /* Build configuration list for PBXNativeTarget "InstagramUITests" */ = {
			isa = XCConfigurationList;
			buildConfigurations = (
				488ECEBC20960C0D00A28E0E /* Debug */,
				488ECEBD20960C0D00A28E0E /* Release */,
			);
			defaultConfigurationIsVisible = 0;
			defaultConfigurationName = Release;
		};
/* End XCConfigurationList section */
	};
	rootObject = 488ECE8520960C0C00A28E0E /* Project object */;
}
